<?xml version="1.0" encoding="utf-8"?>
<Project ToolsVersion="4.0" xmlns="http://schemas.microsoft.com/developer/msbuild/2003">
  <ItemGroup>
    <Filter Include="Source Files">
      <UniqueIdentifier>{4FC737F1-C7A5-4376-A066-2A32D752A2FF}</UniqueIdentifier>
      <Extensions>cpp;c;cc;cxx;def;odl;idl;hpj;bat;asm;asmx</Extensions>
    </Filter>
    <Filter Include="Header Files">
      <UniqueIdentifier>{93995380-89BD-4b04-88EB-625FBE52EBFB}</UniqueIdentifier>
      <Extensions>h;hpp;hxx;hm;inl;inc;xsd</Extensions>
    </Filter>
    <Filter Include="Resource Files">
      <UniqueIdentifier>{67DA6AB6-F800-4c08-8B7A-83BB121AAD01}</UniqueIdentifier>
      <Extensions>rc;ico;cur;bmp;dlg;rc2;rct;bin;rgs;gif;jpg;jpeg;jpe;resx;tiff;tif;png;wav</Extensions>
    </Filter>
  </ItemGroup>
  <ItemGroup>
    <ClCompile Include="main.cpp">
      <Filter>Source Files</Filter>
    </ClCompile>
    <ClCompile Include="lastfm_scrobbler.cpp">
      <Filter>Source Files</Filter>
    </ClCompile>
    <ClCompile Include="lastfm_state.cpp">
      <Filter>Source Files</Filter>
    </ClCompile>
    <ClCompile Include="lastfm_tracker.cpp">
      <Filter>Source Files</Filter>
    </ClCompile>
    <ClCompile Include="lastfm_web_api.cpp">
      <Filter>Source Files</Filter>
    </ClCompile>
    <ClCompile Include="lastfm_worker.cpp">
      <Filter>Source Files</Filter>
    </ClCompile>
    <ClCompile Include="debug.cpp">
      <Filter>Source Files</Filter>
    </ClCompile>
    <ClCompile Include="lastfm_auth.cpp">
      <Filter>Source Files</Filter>
    </ClCompile>
    <ClCompile Include="lastfm_authenticator.cpp">
      <Filter>Source Files</Filter>
    </ClCompile>
    <ClCompile Include="lastfm_client.cpp">
      <Filter>Source Files</Filter>
    </ClCompile>
    <ClCompile Include="lastfm_core.cpp">
      <Filter>Source Files</Filter>
    </ClCompile>
    <ClCompile Include="lastfm_menu.cpp">
      <Filter>Source Files</Filter>
    </ClCompile>
    <ClCompile Include="lastfm_no.cpp">
      <Filter>Source Files</Filter>
    </ClCompile>
    <ClCompile Include="lastfm_prefs_pane.cpp">
      <Filter>Source Files</Filter>
    </ClCompile>
    <ClCompile Include="lastfm_queue.cpp">
      <Filter>Source Files</Filter>
    </ClCompile>
    <ClCompile Include="lastfm_util.cpp">
      <Filter>Source Files</Filter>
    </ClCompile>
    <ClCompile Include="lastfm_exclusion_filters.cpp">
      <Filter>Source Files</Filter>
    </ClCompile>
    <ClCompile Include="lastfm_settings.cpp">
      <Filter>Source Files</Filter>
    </ClCompile>
  </ItemGroup>
  <ItemGroup>
    <ClInclude Include="stdafx.h">
      <Filter>Header Files</Filter>
    </ClInclude>
    <ClInclude Include="lastfm_authenticator.h">
      <Filter>Header Files</Filter>
    </ClInclude>
    <ClInclude Include="lastfm_client.h">
      <Filter>Header Files</Filter>
    </ClInclude>
    <ClInclude Include="lastfm_core.h">
      <Filter>Header Files</Filter>
    </ClInclude>
    <ClInclude Include="lastfm_menu.h">
      <Filter>Header Files</Filter>
    </ClInclude>
    <ClInclude Include="lastfm_no.h">
      <Filter>Header Files</Filter>
    </ClInclude>
    <ClInclude Include="lastfm_prefs_pane.h">
      <Filter>Header Files</Filter>
    </ClInclude>
    <ClInclude Include="lastfm_queue.h">
      <Filter>Header Files</Filter>
    </ClInclude>
    <ClInclude Include="lastfm_rules.h">
      <Filter>Header Files</Filter>
    </ClInclude>
    <ClInclude Include="lastfm_scrobbler.h">
      <Filter>Header Files</Filter>
    </ClInclude>
    <ClInclude Include="lastfm_state.h">
      <Filter>Header Files</Filter>
    </ClInclude>
    <ClInclude Include="lastfm_track_info.h">
      <Filter>Header Files</Filter>
    </ClInclude>
    <ClInclude Include="lastfm_tracker.h">
      <Filter>Header Files</Filter>
    </ClInclude>
    <ClInclude Include="lastfm_util.h">
      <Filter>Header Files</Filter>
    </ClInclude>
    <ClInclude Include="lastfm_web_api.h">
      <Filter>Header Files</Filter>
    </ClInclude>
    <ClInclude Include="lastfm_worker.h">
      <Filter>Header Files</Filter>
    </ClInclude>
    <ClInclude Include="version.h">
      <Filter>Header Files</Filter>
    </ClInclude>
    <ClInclude Include="lastfm_auth.h">
      <Filter>Header Files</Filter>
    </ClInclude>
    <ClInclude Include="lastfm_auth_api.h">
      <Filter>Header Files</Filter>
    </ClInclude>
    <ClInclude Include="sdk_bootstrap.h">
      <Filter>Header Files</Filter>
    </ClInclude>
    <ClInclude Include="debug.h">
      <Filter>Header Files</Filter>
    </ClInclude>
    <ClInclude Include="lastfm_scrobble_result.h">
      <Filter>Header Files</Filter>
    </ClInclude>
    <ClInclude Include="lastfm_settings.h">
      <Filter>Header Files</Filter>
    </ClInclude>
    <ClInclude Include="lastfm_exclusion_filters.h">
      <Filter>Header Files</Filter>
    </ClInclude>
  </ItemGroup>
  <ItemGroup>
    <None Include="tools\gen_header.py" />
  </ItemGroup>
</Project>
